
Microsoft Visual Studio Solution File, Format Version 12.00
# Visual Studio Version 16
VisualStudioVersion = 16.0.29806.167
MinimumVisualStudioVersion = 10.0.40219.1
Project("{FAE04EC0-301F-11D3-BF4B-00C04F79EFBC}") = "Test_WPF_MaterialDesign", "Test_WPF_MaterialDesign\Test_WPF_MaterialDesign.csproj", "{C1BABC01-3E11-46AA-A007-23F587E94882}"
EndProject
Global
	GlobalSection(SolutionConfigurationPlatforms) = preSolution
		Debug|Any CPU = Debug|Any CPU
		Release|Any CPU = Release|Any CPU
	EndGlobalSection
	GlobalSection(ProjectConfigurationPlatforms) = postSolution
		{C1BABC01-3E11-46AA-A007-23F587E94882}.Debug|Any CPU.ActiveCfg = Debug|Any CPU
		{C1BABC01-3E11-46AA-A007-23F587E94882}.Debug|Any CPU.Build.0 = Debug|Any CPU
		{C1BABC01-3E11-46AA-A007-23F587E94882}.Release|Any CPU.ActiveCfg = Release|Any CPU
		{C1BABC01-3E11-46AA-A007-23F587E94882}.Release|Any CPU.Build.0 = Release|Any CPU
	EndGlobalSection
	GlobalSection(SolutionProperties) = preSolution
		HideSolutionNode = FALSE
	EndGlobalSection
	GlobalSection(ExtensibilityGlobals) = postSolution
		SolutionGuid = {96FAD956-B71F-401F-AE60-03EF6875BC2E}
	EndGlobalSection
EndGlobal
